
Microsoft Visual Studio Solution File, Format Version 12.00
# Visual Studio 15
VisualStudioVersion = 15.0.27004.2005
MinimumVisualStudioVersion = 10.0.40219.1
Project("{2150E333-8FDC-42A3-9474-1A3956D46DE8}") = "Native", "Native", "{A1A70959-F4EF-4787-8B6D-37F13420B211}"
EndProject
Project("{2150E333-8FDC-42A3-9474-1A3956D46DE8}") = "Forms", "Forms", "{F257DB94-95E3-4AFC-857E-7B46360AEAA3}"
EndProject
Project("{2150E333-8FDC-42A3-9474-1A3956D46DE8}") = "NetStandard", "NetStandard", "{4644B318-0C47-47CF-8F88-3E220B2B4FEE}"
EndProject
Project("{2150E333-8FDC-42A3-9474-1A3956D46DE8}") = "PCL", "PCL", "{8CD490DE-A5BB-46ED-A5BC-62352BC2625C}"
EndProject
Project("{9A19103F-16F7-4668-BE54-9A1E7A4F7556}") = "TwitterAuth", "NetStandard\TwitterAuth\TwitterAuth.csproj", "{0922E023-9A42-4CD4-93BF-0682414B2E8D}"
EndProject
Project("{FAE04EC0-301F-11D3-BF4B-00C04F79EFBC}") = "TwitterAuth.Native.Android", "NetStandard\Native\TwitterAuth.Native.Android\TwitterAuth.Native.Android.csproj", "{2165C8CE-158E-49C1-8D09-12DED707A02E}"
EndProject
Project("{FAE04EC0-301F-11D3-BF4B-00C04F79EFBC}") = "TwitterAuth.Native.iOS", "NetStandard\Native\TwitterAuth.Native.iOS\TwitterAuth.Native.iOS.csproj", "{94FB4D90-0116-43F9-BA38-514995B7A3C5}"
EndProject
Project("{FAE04EC0-301F-11D3-BF4B-00C04F79EFBC}") = "TwitterAuth.Forms", "NetStandard\Forms\TwitterAuth.Forms\TwitterAuth.Forms.csproj", "{03C1D1B2-1963-42BE-AEF2-8FBFA36EBD7E}"
EndProject
Project("{FAE04EC0-301F-11D3-BF4B-00C04F79EFBC}") = "TwitterAuth.Forms.Android", "NetStandard\Forms\TwitterAuth.Forms.Android\TwitterAuth.Forms.Android.csproj", "{7B6C6C93-A972-4352-9920-D634A83D2EE2}"
EndProject
Project("{FAE04EC0-301F-11D3-BF4B-00C04F79EFBC}") = "TwitterAuth.Forms.iOS", "NetStandard\Forms\TwitterAuth.Forms.iOS\TwitterAuth.Forms.iOS.csproj", "{788967AE-A97D-4FFC-B036-F1D12D71EB34}"
EndProject
Global
	GlobalSection(SolutionConfigurationPlatforms) = preSolution
		Ad-Hoc|Any CPU = Ad-Hoc|Any CPU
		Ad-Hoc|iPhone = Ad-Hoc|iPhone
		Ad-Hoc|iPhoneSimulator = Ad-Hoc|iPhoneSimulator
		AppStore|Any CPU = AppStore|Any CPU
		AppStore|iPhone = AppStore|iPhone
		AppStore|iPhoneSimulator = AppStore|iPhoneSimulator
		Debug|Any CPU = Debug|Any CPU
		Debug|iPhone = Debug|iPhone
		Debug|iPhoneSimulator = Debug|iPhoneSimulator
		Release|Any CPU = Release|Any CPU
		Release|iPhone = Release|iPhone
		Release|iPhoneSimulator = Release|iPhoneSimulator
	EndGlobalSection
	GlobalSection(ProjectConfigurationPlatforms) = postSolution
		{0922E023-9A42-4CD4-93BF-0682414B2E8D}.Ad-Hoc|Any CPU.ActiveCfg = Debug|Any CPU
		{0922E023-9A42-4CD4-93BF-0682414B2E8D}.Ad-Hoc|Any CPU.Build.0 = Debug|Any CPU
		{0922E023-9A42-4CD4-93BF-0682414B2E8D}.Ad-Hoc|iPhone.ActiveCfg = Debug|Any CPU
		{0922E023-9A42-4CD4-93BF-0682414B2E8D}.Ad-Hoc|iPhone.Build.0 = Debug|Any CPU
		{0922E023-9A42-4CD4-93BF-0682414B2E8D}.Ad-Hoc|iPhoneSimulator.ActiveCfg = Debug|Any CPU
		{0922E023-9A42-4CD4-93BF-0682414B2E8D}.Ad-Hoc|iPhoneSimulator.Build.0 = Debug|Any CPU
		{0922E023-9A42-4CD4-93BF-0682414B2E8D}.AppStore|Any CPU.ActiveCfg = Debug|Any CPU
		{0922E023-9A42-4CD4-93BF-0682414B2E8D}.AppStore|Any CPU.Build.0 = Debug|Any CPU
		{0922E023-9A42-4CD4-93BF-0682414B2E8D}.AppStore|iPhone.ActiveCfg = Debug|Any CPU
		{0922E023-9A42-4CD4-93BF-0682414B2E8D}.AppStore|iPhone.Build.0 = Debug|Any CPU
		{0922E023-9A42-4CD4-93BF-0682414B2E8D}.AppStore|iPhoneSimulator.ActiveCfg = Debug|Any CPU
		{0922E023-9A42-4CD4-93BF-0682414B2E8D}.AppStore|iPhoneSimulator.Build.0 = Debug|Any CPU
		{0922E023-9A42-4CD4-93BF-0682414B2E8D}.Debug|Any CPU.ActiveCfg = Debug|Any CPU
		{0922E023-9A42-4CD4-93BF-0682414B2E8D}.Debug|Any CPU.Build.0 = Debug|Any CPU
		{0922E023-9A42-4CD4-93BF-0682414B2E8D}.Debug|iPhone.ActiveCfg = Debug|Any CPU
		{0922E023-9A42-4CD4-93BF-0682414B2E8D}.Debug|iPhone.Build.0 = Debug|Any CPU
		{0922E023-9A42-4CD4-93BF-0682414B2E8D}.Debug|iPhoneSimulator.ActiveCfg = Debug|Any CPU
		{0922E023-9A42-4CD4-93BF-0682414B2E8D}.Debug|iPhoneSimulator.Build.0 = Debug|Any CPU
		{0922E023-9A42-4CD4-93BF-0682414B2E8D}.Release|Any CPU.ActiveCfg = Release|Any CPU
		{0922E023-9A42-4CD4-93BF-0682414B2E8D}.Release|Any CPU.Build.0 = Release|Any CPU
		{0922E023-9A42-4CD4-93BF-0682414B2E8D}.Release|iPhone.ActiveCfg = Release|Any CPU
		{0922E023-9A42-4CD4-93BF-0682414B2E8D}.Release|iPhone.Build.0 = Release|Any CPU
		{0922E023-9A42-4CD4-93BF-0682414B2E8D}.Release|iPhoneSimulator.ActiveCfg = Release|Any CPU
		{0922E023-9A42-4CD4-93BF-0682414B2E8D}.Release|iPhoneSimulator.Build.0 = Release|Any CPU
		{2165C8CE-158E-49C1-8D09-12DED707A02E}.Ad-Hoc|Any CPU.ActiveCfg = Release|Any CPU
		{2165C8CE-158E-49C1-8D09-12DED707A02E}.Ad-Hoc|Any CPU.Build.0 = Release|Any CPU
		{2165C8CE-158E-49C1-8D09-12DED707A02E}.Ad-Hoc|Any CPU.Deploy.0 = Release|Any CPU
		{2165C8CE-158E-49C1-8D09-12DED707A02E}.Ad-Hoc|iPhone.ActiveCfg = Release|Any CPU
		{2165C8CE-158E-49C1-8D09-12DED707A02E}.Ad-Hoc|iPhone.Build.0 = Release|Any CPU
		{2165C8CE-158E-49C1-8D09-12DED707A02E}.Ad-Hoc|iPhone.Deploy.0 = Release|Any CPU
		{2165C8CE-158E-49C1-8D09-12DED707A02E}.Ad-Hoc|iPhoneSimulator.ActiveCfg = Release|Any CPU
		{2165C8CE-158E-49C1-8D09-12DED707A02E}.Ad-Hoc|iPhoneSimulator.Build.0 = Release|Any CPU
		{2165C8CE-158E-49C1-8D09-12DED707A02E}.Ad-Hoc|iPhoneSimulator.Deploy.0 = Release|Any CPU
		{2165C8CE-158E-49C1-8D09-12DED707A02E}.AppStore|Any CPU.ActiveCfg = Release|Any CPU
		{2165C8CE-158E-49C1-8D09-12DED707A02E}.AppStore|Any CPU.Build.0 = Release|Any CPU
		{2165C8CE-158E-49C1-8D09-12DED707A02E}.AppStore|Any CPU.Deploy.0 = Release|Any CPU
		{2165C8CE-158E-49C1-8D09-12DED707A02E}.AppStore|iPhone.ActiveCfg = Release|Any CPU
		{2165C8CE-158E-49C1-8D09-12DED707A02E}.AppStore|iPhone.Build.0 = Release|Any CPU
		{2165C8CE-158E-49C1-8D09-12DED707A02E}.AppStore|iPhone.Deploy.0 = Release|Any CPU
		{2165C8CE-158E-49C1-8D09-12DED707A02E}.AppStore|iPhoneSimulator.ActiveCfg = Release|Any CPU
		{2165C8CE-158E-49C1-8D09-12DED707A02E}.AppStore|iPhoneSimulator.Build.0 = Release|Any CPU
		{2165C8CE-158E-49C1-8D09-12DED707A02E}.AppStore|iPhoneSimulator.Deploy.0 = Release|Any CPU
		{2165C8CE-158E-49C1-8D09-12DED707A02E}.Debug|Any CPU.ActiveCfg = Debug|Any CPU
		{2165C8CE-158E-49C1-8D09-12DED707A02E}.Debug|Any CPU.Build.0 = Debug|Any CPU
		{2165C8CE-158E-49C1-8D09-12DED707A02E}.Debug|Any CPU.Deploy.0 = Debug|Any CPU
		{2165C8CE-158E-49C1-8D09-12DED707A02E}.Debug|iPhone.ActiveCfg = Debug|Any CPU
		{2165C8CE-158E-49C1-8D09-12DED707A02E}.Debug|iPhone.Build.0 = Debug|Any CPU
		{2165C8CE-158E-49C1-8D09-12DED707A02E}.Debug|iPhone.Deploy.0 = Debug|Any CPU
		{2165C8CE-158E-49C1-8D09-12DED707A02E}.Debug|iPhoneSimulator.ActiveCfg = Debug|Any CPU
		{2165C8CE-158E-49C1-8D09-12DED707A02E}.Debug|iPhoneSimulator.Build.0 = Debug|Any CPU
		{2165C8CE-158E-49C1-8D09-12DED707A02E}.Debug|iPhoneSimulator.Deploy.0 = Debug|Any CPU
		{2165C8CE-158E-49C1-8D09-12DED707A02E}.Release|Any CPU.ActiveCfg = Release|Any CPU
		{2165C8CE-158E-49C1-8D09-12DED707A02E}.Release|Any CPU.Build.0 = Release|Any CPU
		{2165C8CE-158E-49C1-8D09-12DED707A02E}.Release|Any CPU.Deploy.0 = Release|Any CPU
		{2165C8CE-158E-49C1-8D09-12DED707A02E}.Release|iPhone.ActiveCfg = Release|Any CPU
		{2165C8CE-158E-49C1-8D09-12DED707A02E}.Release|iPhone.Build.0 = Release|Any CPU
		{2165C8CE-158E-49C1-8D09-12DED707A02E}.Release|iPhone.Deploy.0 = Release|Any CPU
		{2165C8CE-158E-49C1-8D09-12DED707A02E}.Release|iPhoneSimulator.ActiveCfg = Release|Any CPU
		{2165C8CE-158E-49C1-8D09-12DED707A02E}.Release|iPhoneSimulator.Build.0 = Release|Any CPU
		{2165C8CE-158E-49C1-8D09-12DED707A02E}.Release|iPhoneSimulator.Deploy.0 = Release|Any CPU
		{94FB4D90-0116-43F9-BA38-514995B7A3C5}.Ad-Hoc|Any CPU.ActiveCfg = Release|iPhone
		{94FB4D90-0116-43F9-BA38-514995B7A3C5}.Ad-Hoc|Any CPU.Build.0 = Release|iPhone
		{94FB4D90-0116-43F9-BA38-514995B7A3C5}.Ad-Hoc|iPhone.ActiveCfg = Release|iPhone
		{94FB4D90-0116-43F9-BA38-514995B7A3C5}.Ad-Hoc|iPhone.Build.0 = Release|iPhone
		{94FB4D90-0116-43F9-BA38-514995B7A3C5}.Ad-Hoc|iPhoneSimulator.ActiveCfg = Release|iPhoneSimulator
		{94FB4D90-0116-43F9-BA38-514995B7A3C5}.Ad-Hoc|iPhoneSimulator.Build.0 = Release|iPhoneSimulator
		{94FB4D90-0116-43F9-BA38-514995B7A3C5}.AppStore|Any CPU.ActiveCfg = Release|iPhone
		{94FB4D90-0116-43F9-BA38-514995B7A3C5}.AppStore|Any CPU.Build.0 = Release|iPhone
		{94FB4D90-0116-43F9-BA38-514995B7A3C5}.AppStore|iPhone.ActiveCfg = Release|iPhone
		{94FB4D90-0116-43F9-BA38-514995B7A3C5}.AppStore|iPhone.Build.0 = Release|iPhone
		{94FB4D90-0116-43F9-BA38-514995B7A3C5}.AppStore|iPhoneSimulator.ActiveCfg = Release|iPhoneSimulator
		{94FB4D90-0116-43F9-BA38-514995B7A3C5}.AppStore|iPhoneSimulator.Build.0 = Release|iPhoneSimulator
		{94FB4D90-0116-43F9-BA38-514995B7A3C5}.Debug|Any CPU.ActiveCfg = Debug|iPhone
		{94FB4D90-0116-43F9-BA38-514995B7A3C5}.Debug|iPhone.ActiveCfg = Debug|iPhone
		{94FB4D90-0116-43F9-BA38-514995B7A3C5}.Debug|iPhone.Build.0 = Debug|iPhone
		{94FB4D90-0116-43F9-BA38-514995B7A3C5}.Debug|iPhoneSimulator.ActiveCfg = Debug|iPhoneSimulator
		{94FB4D90-0116-43F9-BA38-514995B7A3C5}.Debug|iPhoneSimulator.Build.0 = Debug|iPhoneSimulator
		{94FB4D90-0116-43F9-BA38-514995B7A3C5}.Release|Any CPU.ActiveCfg = Release|iPhone
		{94FB4D90-0116-43F9-BA38-514995B7A3C5}.Release|iPhone.ActiveCfg = Release|iPhone
		{94FB4D90-0116-43F9-BA38-514995B7A3C5}.Release|iPhone.Build.0 = Release|iPhone
		{94FB4D90-0116-43F9-BA38-514995B7A3C5}.Release|iPhoneSimulator.ActiveCfg = Release|iPhoneSimulator
		{94FB4D90-0116-43F9-BA38-514995B7A3C5}.Release|iPhoneSimulator.Build.0 = Release|iPhoneSimulator
		{03C1D1B2-1963-42BE-AEF2-8FBFA36EBD7E}.Ad-Hoc|Any CPU.ActiveCfg = Release|Any CPU
		{03C1D1B2-1963-42BE-AEF2-8FBFA36EBD7E}.Ad-Hoc|Any CPU.Build.0 = Release|Any CPU
		{03C1D1B2-1963-42BE-AEF2-8FBFA36EBD7E}.Ad-Hoc|iPhone.ActiveCfg = Release|Any CPU
		{03C1D1B2-1963-42BE-AEF2-8FBFA36EBD7E}.Ad-Hoc|iPhone.Build.0 = Release|Any CPU
		{03C1D1B2-1963-42BE-AEF2-8FBFA36EBD7E}.Ad-Hoc|iPhoneSimulator.ActiveCfg = Release|Any CPU
		{03C1D1B2-1963-42BE-AEF2-8FBFA36EBD7E}.Ad-Hoc|iPhoneSimulator.Build.0 = Release|Any CPU
		{03C1D1B2-1963-42BE-AEF2-8FBFA36EBD7E}.AppStore|Any CPU.ActiveCfg = Release|Any CPU
		{03C1D1B2-1963-42BE-AEF2-8FBFA36EBD7E}.AppStore|Any CPU.Build.0 = Release|Any CPU
		{03C1D1B2-1963-42BE-AEF2-8FBFA36EBD7E}.AppStore|iPhone.ActiveCfg = Release|Any CPU
		{03C1D1B2-1963-42BE-AEF2-8FBFA36EBD7E}.AppStore|iPhone.Build.0 = Release|Any CPU
		{03C1D1B2-1963-42BE-AEF2-8FBFA36EBD7E}.AppStore|iPhoneSimulator.ActiveCfg = Release|Any CPU
		{03C1D1B2-1963-42BE-AEF2-8FBFA36EBD7E}.AppStore|iPhoneSimulator.Build.0 = Release|Any CPU
		{03C1D1B2-1963-42BE-AEF2-8FBFA36EBD7E}.Debug|Any CPU.ActiveCfg = Debug|Any CPU
		{03C1D1B2-1963-42BE-AEF2-8FBFA36EBD7E}.Debug|Any CPU.Build.0 = Debug|Any CPU
		{03C1D1B2-1963-42BE-AEF2-8FBFA36EBD7E}.Debug|iPhone.ActiveCfg = Debug|Any CPU
		{03C1D1B2-1963-42BE-AEF2-8FBFA36EBD7E}.Debug|iPhone.Build.0 = Debug|Any CPU
		{03C1D1B2-1963-42BE-AEF2-8FBFA36EBD7E}.Debug|iPhoneSimulator.ActiveCfg = Debug|Any CPU
		{03C1D1B2-1963-42BE-AEF2-8FBFA36EBD7E}.Debug|iPhoneSimulator.Build.0 = Debug|Any CPU
		{03C1D1B2-1963-42BE-AEF2-8FBFA36EBD7E}.Release|Any CPU.ActiveCfg = Release|Any CPU
		{03C1D1B2-1963-42BE-AEF2-8FBFA36EBD7E}.Release|Any CPU.Build.0 = Release|Any CPU
		{03C1D1B2-1963-42BE-AEF2-8FBFA36EBD7E}.Release|iPhone.ActiveCfg = Release|Any CPU
		{03C1D1B2-1963-42BE-AEF2-8FBFA36EBD7E}.Release|iPhone.Build.0 = Release|Any CPU
		{03C1D1B2-1963-42BE-AEF2-8FBFA36EBD7E}.Release|iPhoneSimulator.ActiveCfg = Release|Any CPU
		{03C1D1B2-1963-42BE-AEF2-8FBFA36EBD7E}.Release|iPhoneSimulator.Build.0 = Release|Any CPU
		{7B6C6C93-A972-4352-9920-D634A83D2EE2}.Ad-Hoc|Any CPU.ActiveCfg = Release|Any CPU
		{7B6C6C93-A972-4352-9920-D634A83D2EE2}.Ad-Hoc|Any CPU.Build.0 = Release|Any CPU
		{7B6C6C93-A972-4352-9920-D634A83D2EE2}.Ad-Hoc|Any CPU.Deploy.0 = Release|Any CPU
		{7B6C6C93-A972-4352-9920-D634A83D2EE2}.Ad-Hoc|iPhone.ActiveCfg = Release|Any CPU
		{7B6C6C93-A972-4352-9920-D634A83D2EE2}.Ad-Hoc|iPhone.Build.0 = Release|Any CPU
		{7B6C6C93-A972-4352-9920-D634A83D2EE2}.Ad-Hoc|iPhone.Deploy.0 = Release|Any CPU
		{7B6C6C93-A972-4352-9920-D634A83D2EE2}.Ad-Hoc|iPhoneSimulator.ActiveCfg = Release|Any CPU
		{7B6C6C93-A972-4352-9920-D634A83D2EE2}.Ad-Hoc|iPhoneSimulator.Build.0 = Release|Any CPU
		{7B6C6C93-A972-4352-9920-D634A83D2EE2}.Ad-Hoc|iPhoneSimulator.Deploy.0 = Release|Any CPU
		{7B6C6C93-A972-4352-9920-D634A83D2EE2}.AppStore|Any CPU.ActiveCfg = Release|Any CPU
		{7B6C6C93-A972-4352-9920-D634A83D2EE2}.AppStore|Any CPU.Build.0 = Release|Any CPU
		{7B6C6C93-A972-4352-9920-D634A83D2EE2}.AppStore|Any CPU.Deploy.0 = Release|Any CPU
		{7B6C6C93-A972-4352-9920-D634A83D2EE2}.AppStore|iPhone.ActiveCfg = Release|Any CPU
		{7B6C6C93-A972-4352-9920-D634A83D2EE2}.AppStore|iPhone.Build.0 = Release|Any CPU
		{7B6C6C93-A972-4352-9920-D634A83D2EE2}.AppStore|iPhone.Deploy.0 = Release|Any CPU
		{7B6C6C93-A972-4352-9920-D634A83D2EE2}.AppStore|iPhoneSimulator.ActiveCfg = Release|Any CPU
		{7B6C6C93-A972-4352-9920-D634A83D2EE2}.AppStore|iPhoneSimulator.Build.0 = Release|Any CPU
		{7B6C6C93-A972-4352-9920-D634A83D2EE2}.AppStore|iPhoneSimulator.Deploy.0 = Release|Any CPU
		{7B6C6C93-A972-4352-9920-D634A83D2EE2}.Debug|Any CPU.ActiveCfg = Debug|Any CPU
		{7B6C6C93-A972-4352-9920-D634A83D2EE2}.Debug|Any CPU.Build.0 = Debug|Any CPU
		{7B6C6C93-A972-4352-9920-D634A83D2EE2}.Debug|Any CPU.Deploy.0 = Debug|Any CPU
		{7B6C6C93-A972-4352-9920-D634A83D2EE2}.Debug|iPhone.ActiveCfg = Debug|Any CPU
		{7B6C6C93-A972-4352-9920-D634A83D2EE2}.Debug|iPhone.Build.0 = Debug|Any CPU
		{7B6C6C93-A972-4352-9920-D634A83D2EE2}.Debug|iPhone.Deploy.0 = Debug|Any CPU
		{7B6C6C93-A972-4352-9920-D634A83D2EE2}.Debug|iPhoneSimulator.ActiveCfg = Debug|Any CPU
		{7B6C6C93-A972-4352-9920-D634A83D2EE2}.Debug|iPhoneSimulator.Build.0 = Debug|Any CPU
		{7B6C6C93-A972-4352-9920-D634A83D2EE2}.Debug|iPhoneSimulator.Deploy.0 = Debug|Any CPU
		{7B6C6C93-A972-4352-9920-D634A83D2EE2}.Release|Any CPU.ActiveCfg = Release|Any CPU
		{7B6C6C93-A972-4352-9920-D634A83D2EE2}.Release|Any CPU.Build.0 = Release|Any CPU
		{7B6C6C93-A972-4352-9920-D634A83D2EE2}.Release|Any CPU.Deploy.0 = Release|Any CPU
		{7B6C6C93-A972-4352-9920-D634A83D2EE2}.Release|iPhone.ActiveCfg = Release|Any CPU
		{7B6C6C93-A972-4352-9920-D634A83D2EE2}.Release|iPhone.Build.0 = Release|Any CPU
		{7B6C6C93-A972-4352-9920-D634A83D2EE2}.Release|iPhone.Deploy.0 = Release|Any CPU
		{7B6C6C93-A972-4352-9920-D634A83D2EE2}.Release|iPhoneSimulator.ActiveCfg = Release|Any CPU
		{7B6C6C93-A972-4352-9920-D634A83D2EE2}.Release|iPhoneSimulator.Build.0 = Release|Any CPU
		{7B6C6C93-A972-4352-9920-D634A83D2EE2}.Release|iPhoneSimulator.Deploy.0 = Release|Any CPU
		{788967AE-A97D-4FFC-B036-F1D12D71EB34}.Ad-Hoc|Any CPU.ActiveCfg = Ad-Hoc|iPhone
		{788967AE-A97D-4FFC-B036-F1D12D71EB34}.Ad-Hoc|iPhone.ActiveCfg = Ad-Hoc|iPhone
		{788967AE-A97D-4FFC-B036-F1D12D71EB34}.Ad-Hoc|iPhone.Build.0 = Ad-Hoc|iPhone
		{788967AE-A97D-4FFC-B036-F1D12D71EB34}.Ad-Hoc|iPhoneSimulator.ActiveCfg = Ad-Hoc|iPhoneSimulator
		{788967AE-A97D-4FFC-B036-F1D12D71EB34}.Ad-Hoc|iPhoneSimulator.Build.0 = Ad-Hoc|iPhoneSimulator
		{788967AE-A97D-4FFC-B036-F1D12D71EB34}.AppStore|Any CPU.ActiveCfg = AppStore|iPhone
		{788967AE-A97D-4FFC-B036-F1D12D71EB34}.AppStore|iPhone.ActiveCfg = AppStore|iPhone
		{788967AE-A97D-4FFC-B036-F1D12D71EB34}.AppStore|iPhone.Build.0 = AppStore|iPhone
		{788967AE-A97D-4FFC-B036-F1D12D71EB34}.AppStore|iPhoneSimulator.ActiveCfg = AppStore|iPhoneSimulator
		{788967AE-A97D-4FFC-B036-F1D12D71EB34}.AppStore|iPhoneSimulator.Build.0 = AppStore|iPhoneSimulator
		{788967AE-A97D-4FFC-B036-F1D12D71EB34}.Debug|Any CPU.ActiveCfg = Debug|iPhone
		{788967AE-A97D-4FFC-B036-F1D12D71EB34}.Debug|iPhone.ActiveCfg = Debug|iPhone
		{788967AE-A97D-4FFC-B036-F1D12D71EB34}.Debug|iPhone.Build.0 = Debug|iPhone
		{788967AE-A97D-4FFC-B036-F1D12D71EB34}.Debug|iPhoneSimulator.ActiveCfg = Debug|iPhoneSimulator
		{788967AE-A97D-4FFC-B036-F1D12D71EB34}.Debug|iPhoneSimulator.Build.0 = Debug|iPhoneSimulator
		{788967AE-A97D-4FFC-B036-F1D12D71EB34}.Release|Any CPU.ActiveCfg = Release|iPhone
		{788967AE-A97D-4FFC-B036-F1D12D71EB34}.Release|iPhone.ActiveCfg = Release|iPhone
		{788967AE-A97D-4FFC-B036-F1D12D71EB34}.Release|iPhone.Build.0 = Release|iPhone
		{788967AE-A97D-4FFC-B036-F1D12D71EB34}.Release|iPhoneSimulator.ActiveCfg = Release|iPhoneSimulator
		{788967AE-A97D-4FFC-B036-F1D12D71EB34}.Release|iPhoneSimulator.Build.0 = Release|iPhoneSimulator
	EndGlobalSection
	GlobalSection(SolutionProperties) = preSolution
		HideSolutionNode = FALSE
	EndGlobalSection
	GlobalSection(NestedProjects) = preSolution
		{A1A70959-F4EF-4787-8B6D-37F13420B211} = {4644B318-0C47-47CF-8F88-3E220B2B4FEE}
		{F257DB94-95E3-4AFC-857E-7B46360AEAA3} = {4644B318-0C47-47CF-8F88-3E220B2B4FEE}
		{0922E023-9A42-4CD4-93BF-0682414B2E8D} = {4644B318-0C47-47CF-8F88-3E220B2B4FEE}
		{2165C8CE-158E-49C1-8D09-12DED707A02E} = {A1A70959-F4EF-4787-8B6D-37F13420B211}
		{94FB4D90-0116-43F9-BA38-514995B7A3C5} = {A1A70959-F4EF-4787-8B6D-37F13420B211}
		{03C1D1B2-1963-42BE-AEF2-8FBFA36EBD7E} = {F257DB94-95E3-4AFC-857E-7B46360AEAA3}
		{7B6C6C93-A972-4352-9920-D634A83D2EE2} = {F257DB94-95E3-4AFC-857E-7B46360AEAA3}
		{788967AE-A97D-4FFC-B036-F1D12D71EB34} = {F257DB94-95E3-4AFC-857E-7B46360AEAA3}
	EndGlobalSection
	GlobalSection(ExtensibilityGlobals) = postSolution
		SolutionGuid = {B853BA92-68E7-4C79-B92A-86E5A71A0387}
	EndGlobalSection
EndGlobal
